Microsoft Visual Studio Solution File, Format Version 11.00
# Visual Studio 2008

Project("{B43FDF60-C3DF-53A3-8CC2-6923BEC65FFE}") = "JGSKRA", "Assembly-CSharp.csproj", "{9B7D2643-6D42-E626-3B3D-5E201EB743B5}"
EndProject
Global
	GlobalSection(SolutionConfigurationPlatforms) = preSolution
		Debug|Any CPU = Debug|Any CPU
		Release|Any CPU = Release|Any CPU
	EndGlobalSection
	GlobalSection(ProjectConfigurationPlatforms) = postSolution
		{9B7D2643-6D42-E626-3B3D-5E201EB743B5}.Debug|Any CPU.ActiveCfg = Debug|Any CPU
		{9B7D2643-6D42-E626-3B3D-5E201EB743B5}.Debug|Any CPU.Build.0 = Debug|Any CPU
		{9B7D2643-6D42-E626-3B3D-5E201EB743B5}.Release|Any CPU.ActiveCfg = Release|Any CPU
		{9B7D2643-6D42-E626-3B3D-5E201EB743B5}.Release|Any CPU.Build.0 = Release|Any CPU
	EndGlobalSection
	GlobalSection(SolutionProperties) = preSolution
		HideSolutionNode = FALSE
	EndGlobalSection
	GlobalSection(MonoDevelopProperties) = preSolution
		StartupItem = Assembly-CSharp.csproj
	EndGlobalSection
EndGlobal
